
Microsoft Visual Studio Solution File, Format Version 11.00
# Visual Studio 2010
Project("{FAE04EC0-301F-11D3-BF4B-00C04F79EFBC}") = "Assembly-CSharp", "Assembly-CSharp.csproj", "{24B040F3-04D1-831A-4E40-BA85985FCC3F}"
EndProject
Project("{FAE04EC0-301F-11D3-BF4B-00C04F79EFBC}") = "Assembly-CSharp-firstpass", "Assembly-CSharp-firstpass.csproj", "{B7EA5310-EF37-41F1-237D-2037147B25E2}"
EndProject
Project("{FAE04EC0-301F-11D3-BF4B-00C04F79EFBC}") = "Assembly-CSharp-Editor-firstpass", "Assembly-CSharp-Editor-firstpass.csproj", "{682E3C9F-BA44-7005-A513-1BF4DFD3FEFB}"
EndProject
Global
	GlobalSection(SolutionConfigurationPlatforms) = preSolution
		Debug|Any CPU = Debug|Any CPU
		Release|Any CPU = Release|Any CPU
	EndGlobalSection
	GlobalSection(ProjectConfigurationPlatforms) = postSolution
		{24B040F3-04D1-831A-4E40-BA85985FCC3F}.Debug|Any CPU.ActiveCfg = Debug|Any CPU
		{24B040F3-04D1-831A-4E40-BA85985FCC3F}.Debug|Any CPU.Build.0 = Debug|Any CPU
		{24B040F3-04D1-831A-4E40-BA85985FCC3F}.Release|Any CPU.ActiveCfg = Release|Any CPU
		{24B040F3-04D1-831A-4E40-BA85985FCC3F}.Release|Any CPU.Build.0 = Release|Any CPU
		{B7EA5310-EF37-41F1-237D-2037147B25E2}.Debug|Any CPU.ActiveCfg = Debug|Any CPU
		{B7EA5310-EF37-41F1-237D-2037147B25E2}.Debug|Any CPU.Build.0 = Debug|Any CPU
		{B7EA5310-EF37-41F1-237D-2037147B25E2}.Release|Any CPU.ActiveCfg = Release|Any CPU
		{B7EA5310-EF37-41F1-237D-2037147B25E2}.Release|Any CPU.Build.0 = Release|Any CPU
		{682E3C9F-BA44-7005-A513-1BF4DFD3FEFB}.Debug|Any CPU.ActiveCfg = Debug|Any CPU
		{682E3C9F-BA44-7005-A513-1BF4DFD3FEFB}.Debug|Any CPU.Build.0 = Debug|Any CPU
		{682E3C9F-BA44-7005-A513-1BF4DFD3FEFB}.Release|Any CPU.ActiveCfg = Release|Any CPU
		{682E3C9F-BA44-7005-A513-1BF4DFD3FEFB}.Release|Any CPU.Build.0 = Release|Any CPU
	EndGlobalSection
	GlobalSection(SolutionProperties) = preSolution
		HideSolutionNode = FALSE
	EndGlobalSection
EndGlobal
